<Solution>
  <Folder Name="/src/">
    <Project Path="src/Compliance.Common/Compliance.Common.csproj" />
    <Project Path="src/Compliance.Core/Compliance.Core.csproj" />
    <Project Path="src/Compliance.App/Compliance.App.csproj" />
  </Folder>
  <Folder Name="/test/">
    <Project Path="test/Compliance.Tests/Compliance.Tests.csproj" />
  </Folder>
  <Folder Name="/tools/">
    <Project Path="tools/Compliance.OpenApiExport/Compliance.OpenApiExport.csproj" />
  </Folder>
</Solution>
