{
  "version": 2,
  "dependencies": {
    "net10.0": {
      "Cntryl.Fitz.Extensions": {
        "type": "Direct",
        "requested": "[1.3.0, )",
        "resolved": "1.3.0",
        "contentHash": "OfoL5de7cOlAufeb1S5UKtNJeWDqZkqxAl+tgj0WMtV/0Tsyv2Ko+5oenSayCDqMzCdf5Ig8uJcmCQkmJT3TSg==",
        "dependencies": {
          "Cntryl.Fitz.Abstractions": "1.3.0",
          "Cntryl.LexKey": "0.1.2"
        }
      },
      "Cntryl.Portia.Abstractions": {
        "type": "Direct",
        "requested": "[0.4.4, )",
        "resolved": "0.4.4",
        "contentHash": "79cqN3TGHGvadpl15BW2+vHAHAvik1NOu7EKZJeKFlXGMD+Mg7AoLellj1mQNZgB/UXdtfrOlRLbILK89pBWcQ==",
        "dependencies": {
          "Microsoft.Extensions.Logging.Abstractions": "10.0.11"
        }
      },
      "Cntryl.Fitz.Abstractions": {
        "type": "Transitive",
        "resolved": "1.3.0",
        "contentHash": "wl2FAaDbJNSIz1QQPpsdloWNukDaZgQ7RDva+D3RdSICbhdA9OyGCTDhFfNUoOFlxEt1F3fYR+ia2GwWo3PYhA=="
      },
      "Microsoft.Extensions.DependencyInjection.Abstractions": {
        "type": "Transitive",
        "resolved": "10.0.11",
        "contentHash": "/a1aJz4m7ylhEDf25ugQChLQoN5XwoGjWw/BoR/ZWWKsO1v4DdJElS1uyngahz4B/eOzjFk1KNTkarRLE5wsIg=="
      },
      "Microsoft.Extensions.Logging.Abstractions": {
        "type": "Transitive",
        "resolved": "10.0.11",
        "contentHash": "Ljd0Uxoq5XpScD2Bg0nM/r3mwx7Ao5Uq24eo2ARxbGvqJ7Zht6rt2cJtwVRH4Cv+1ZVMdXz6TB43KbpmsxRrvQ==",
        "dependencies": {
          "Microsoft.Extensions.DependencyInjection.Abstractions": "10.0.11"
        }
      },
      "Cntryl.LexKey": {
        "type": "CentralTransitive",
        "requested": "[0.1.2, )",
        "resolved": "0.1.2",
        "contentHash": "L7rKtCZ0uutLR42abYXFMHLSmOGzup+NPljB9D4qHLjkbuuXnuE0edpN5OWIB4UoA4e8FpU+TyBY4YrRW3CIFQ=="
      }
    }
  }
}