{
  "version": 2,
  "dependencies": {
    "net10.0": {
      "Cntryl.Portia.AspNetCore": {
        "type": "Direct",
        "requested": "[0.6.0, )",
        "resolved": "0.6.0",
        "contentHash": "PA+GEN/NggMNGMU728dgWaSuZ17YzJi0HbBujxABgQrScWgsFR3GxUAIRjEKaxygnPA9cVzRt9JxwNduN3k19w==",
        "dependencies": {
          "Cntryl.Portia.Abstractions": "0.6.0",
          "Cntryl.Portia.DependencyInjection": "0.6.0",
          "Microsoft.AspNetCore.OpenApi": "10.0.12",
          "Microsoft.OpenApi": "2.12.0"
        }
      },
      "Cntryl.Portia.Mcp": {
        "type": "Direct",
        "requested": "[0.6.0, )",
        "resolved": "0.6.0",
        "contentHash": "+ye0sDt5A8ZtlN4360AqigVGqe4iEX3QYtFVRzqvxV0RkzYnKo4N2cPyp/NSDOTOouutVMLFBkAFg2DRPhC/KA==",
        "dependencies": {
          "Cntryl.Portia.DependencyInjection": "0.6.0",
          "ModelContextProtocol": "2.2.0"
        }
      },
      "Cntryl.Portia.Mcp.AspNetCore": {
        "type": "Direct",
        "requested": "[0.6.0, )",
        "resolved": "0.6.0",
        "contentHash": "QkYm0ea5wNzFtq71MAwMBER8q6RJbVxPCsqp9pawuesUGQVcAsYeq1JBIZFA6y4SBJ7gA0Ph8ukYzdoniTpamA==",
        "dependencies": {
          "Cntryl.Portia.AspNetCore": "0.6.0",
          "Cntryl.Portia.Mcp": "0.6.0",
          "ModelContextProtocol.AspNetCore": "2.2.0"
        }
      },
      "Microsoft.AspNetCore.Authentication.JwtBearer": {
        "type": "Direct",
        "requested": "[10.0.12, )",
        "resolved": "10.0.12",
        "contentHash": "DeE+Bq2OqB3FikFkZk+7gFBeLOQhkSolejLrbi+a9zpfvXtW1Ff6Nd6DIvHXIm+pc4aM4+52vDy3jnuau0qoUQ==",
        "dependencies": {
          "Microsoft.IdentityModel.Protocols.OpenIdConnect": "8.19.2"
        }
      },
      "Cntryl.Fitz.Abstractions": {
        "type": "Transitive",
        "resolved": "1.4.2",
        "contentHash": "y0dosEsA+/3+2W+r8I5mqk7GbFWRC1EakR3OdG4YvfOYctRai+YdtqLJngteQ4Dmor5V0nEe2SOC93f+BaStuA=="
      },
      "Cntryl.Fitz.Core": {
        "type": "Transitive",
        "resolved": "1.4.2",
        "contentHash": "9bj/qhfUr52YroKCRWd2UW0PKVc+U/fIimOK9UDs0aQKlQAmMMBgR64/Udt+pcRmLth6ACOVLrpzfyAcwIrVKQ==",
        "dependencies": {
          "Cntryl.Fitz.Abstractions": "1.4.2"
        }
      },
      "Cntryl.Portia.Core": {
        "type": "Transitive",
        "resolved": "0.6.0",
        "contentHash": "rAKDXjKZKtsaa72XGQuXnXXfqvi3kjrRpitT6QeJUKlMOrMXBQ3TOxE41TJZ8uEB0FjS6ewWvjzYTd3KckcFRw==",
        "dependencies": {
          "Cntryl.Portia.Abstractions": "0.6.0"
        }
      },
      "Cntryl.Portia.DependencyInjection": {
        "type": "Transitive",
        "resolved": "0.6.0",
        "contentHash": "JgbkwuOwGZvEe7uM82EkMcNgAu1YJzRKdvF/bndYWCuOZvb0tnsi2MV3bLctNvJkhH6t3cEkRXq2sS/bIPClyQ==",
        "dependencies": {
          "Cntryl.Portia.Abstractions": "0.6.0",
          "Cntryl.Portia.Core": "0.6.0"
        }
      },
      "Microsoft.AspNetCore.OpenApi": {
        "type": "Transitive",
        "resolved": "10.0.12",
        "contentHash": "7RnQ/UKn+kK3JDLmTpW+vVqNErWthGPAVAy1aIiBzv4ucQ6g9NFvOJUuT0PHcpvcJxGVxctMxj6t+NESWMrgHQ==",
        "dependencies": {
          "Microsoft.OpenApi": "[2.12.0, 3.0.0)"
        }
      },
      "Microsoft.Bcl.Cryptography": {
        "type": "Transitive",
        "resolved": "10.0.2",
        "contentHash": "LG9Yll3B5aNpxv0+D47g6LiOiKBIlodhcHdQwcYzo8VeexFLGqx5ymetmA2aBRyo9cCcWsQWrFsdbsr8LvmWDw=="
      },
      "Microsoft.Extensions.AI.Abstractions": {
        "type": "Transitive",
        "resolved": "10.8.3",
        "contentHash": "K0B05oApxmviWalNHPMBBcRC7erKiDATz3ENNR/jqTR9JwIwLRefgDhj2jCRwL1aca99pXUe0qyQC73/xIuZig=="
      },
      "Microsoft.IdentityModel.Abstractions": {
        "type": "Transitive",
        "resolved": "8.19.2",
        "contentHash": "HJbo/lnSfNHUfphPRT910poQc4T2/9+8svFLvzuaYHGAOJ2Tu+oEDqpX0BVP3BJ4OuUM1kylEKyaiX2fCAK3Cw=="
      },
      "Microsoft.IdentityModel.JsonWebTokens": {
        "type": "Transitive",
        "resolved": "8.19.2",
        "contentHash": "ui3fuBT4fs8kdKfBthI4NzLYIBIneEVS8UrL1JVBzAn80UiKmngBBi0BEByE7n/9c+EElcfFlCMFFTqpkBSLNA==",
        "dependencies": {
          "Microsoft.IdentityModel.Tokens": "8.19.2"
        }
      },
      "Microsoft.IdentityModel.Logging": {
        "type": "Transitive",
        "resolved": "8.19.2",
        "contentHash": "r5YLDIxGOnkVJHrqXv/iD1FM1CgGrQOdriXuvuWvTPmKbnGANhEysq9XKmN6IHjf2a+9bAGEpnoRBsAQlvJU5w==",
        "dependencies": {
          "Microsoft.IdentityModel.Abstractions": "8.19.2"
        }
      },
      "Microsoft.IdentityModel.Protocols": {
        "type": "Transitive",
        "resolved": "8.19.2",
        "contentHash": "sGxSsSrZXNmca6D+jHH2rVRyo2nNRd/g4H9CFbPmLLq0xgoH1U0orLWE5minfijw7+zq49tBs7txenbfAErRoQ==",
        "dependencies": {
          "Microsoft.IdentityModel.Tokens": "8.19.2"
        }
      },
      "Microsoft.IdentityModel.Protocols.OpenIdConnect": {
        "type": "Transitive",
        "resolved": "8.19.2",
        "contentHash": "1XOcyY36cVymzE3qKdzKaUEZ4Pzt7ZpSa14JZoPPK1NLFUkQDs85TCqpV6XDo0YjFXj6nVK00AfOHppjghjhtw==",
        "dependencies": {
          "Microsoft.IdentityModel.Protocols": "8.19.2",
          "System.IdentityModel.Tokens.Jwt": "8.19.2"
        }
      },
      "Microsoft.IdentityModel.Tokens": {
        "type": "Transitive",
        "resolved": "8.19.2",
        "contentHash": "GtPC1S02uH1gOO4fQ+zRysIicKmEXaYFP8PIkdJYXqMyruYhopre4ozVHp0XiDSA0+GJvOZH9prxCPvgBMg4Ww==",
        "dependencies": {
          "Microsoft.Bcl.Cryptography": "10.0.2",
          "Microsoft.IdentityModel.Logging": "8.19.2"
        }
      },
      "Microsoft.OpenApi": {
        "type": "Transitive",
        "resolved": "2.12.0",
        "contentHash": "0xB/be+f6qYOhvQPUrVsLrau+fkowYv6gt9RIkajMhwT7sZnqtcA797yW3bS5kgSje+AQW4xZgyLnW641YFioQ=="
      },
      "ModelContextProtocol": {
        "type": "Transitive",
        "resolved": "2.2.0",
        "contentHash": "4Pb9u02Nwsp0poueDsqNdyGRojFxOYpljB7zDBsq+aHL+Afou3OgxlBc3GWFVnsRMRJrUtWqDh3s6k2JgPzmrQ==",
        "dependencies": {
          "ModelContextProtocol.Core": "[2.2.0]"
        }
      },
      "ModelContextProtocol.AspNetCore": {
        "type": "Transitive",
        "resolved": "2.2.0",
        "contentHash": "3JelDMuFIwFzXybsh6K30G6wXu5gmqKnuRnieqgBMuR0FkqqXRv4B+NYZuPgthSyNq5UwRyvv2U2VJBE3RD3PQ==",
        "dependencies": {
          "ModelContextProtocol": "[2.2.0]"
        }
      },
      "ModelContextProtocol.Core": {
        "type": "Transitive",
        "resolved": "2.2.0",
        "contentHash": "FeBfXU6T8k+jw4afg4sfxdEX2rL/e5oKOk9ROOGztu9k47+7Bz08sdaToYt2XvMY1opNbwxYQOFMj6wH9TInhA==",
        "dependencies": {
          "Microsoft.Extensions.AI.Abstractions": "10.8.3"
        }
      },
      "System.IdentityModel.Tokens.Jwt": {
        "type": "Transitive",
        "resolved": "8.19.2",
        "contentHash": "gqhDC/icByKEutygpr+OFgAmjwTVowyzFjWB8K0q1ww8uFj5a1BQNL+QvijUl9uhq4p8OdDwcAIrjVC+eC9FVA==",
        "dependencies": {
          "Microsoft.IdentityModel.JsonWebTokens": "8.19.2",
          "Microsoft.IdentityModel.Tokens": "8.19.2"
        }
      },
      "Bdgrz.Compliance.Common": {
        "type": "Project",
        "dependencies": {
          "Cntryl.Fitz.Extensions": "[1.4.2, )",
          "Cntryl.Portia.Abstractions": "[0.6.0, )"
        }
      },
      "Bdgrz.Compliance.Core": {
        "type": "Project",
        "dependencies": {
          "Bdgrz.Compliance.Common": "[1.0.0, )",
          "Cntryl.Fitz.Extensions": "[1.4.2, )",
          "Cntryl.LexKey": "[0.1.2, )",
          "Cntryl.Portia.Fitz": "[0.6.0, )"
        }
      },
      "Cntryl.Fitz.Extensions": {
        "type": "CentralTransitive",
        "requested": "[1.4.2, )",
        "resolved": "1.4.2",
        "contentHash": "WH2YcmwkkOvsP8+MoQ9BCuhsIXRY/vh/rsTNNKBiq7nctjmldyiOphRnsogu7uNT7paHgDpcN3L/Zl8aVDoU1Q==",
        "dependencies": {
          "Cntryl.Fitz.Abstractions": "1.4.2",
          "Cntryl.LexKey": "0.1.2"
        }
      },
      "Cntryl.LexKey": {
        "type": "CentralTransitive",
        "requested": "[0.1.2, )",
        "resolved": "0.1.2",
        "contentHash": "L7rKtCZ0uutLR42abYXFMHLSmOGzup+NPljB9D4qHLjkbuuXnuE0edpN5OWIB4UoA4e8FpU+TyBY4YrRW3CIFQ=="
      },
      "Cntryl.Portia.Abstractions": {
        "type": "CentralTransitive",
        "requested": "[0.6.0, )",
        "resolved": "0.6.0",
        "contentHash": "S9HGEx2hOEJEopo+ncbCIOHk26d9XMlUPWJpHgV6u7+OlJ5wQSR1ewqZDaz0FX95Hwh6XlD1qcmLp6sBhV8r+w=="
      },
      "Cntryl.Portia.Fitz": {
        "type": "CentralTransitive",
        "requested": "[0.6.0, )",
        "resolved": "0.6.0",
        "contentHash": "KhMz0LPAmPJ+Ib4y3dsCwOgjTZl/U8mxO+7QhRc0kZsN08NgGsT3QzM/iUVu2lJZFUvcRvOiSBQ74hoBzYrE2A==",
        "dependencies": {
          "Cntryl.Fitz.Core": "1.4.2",
          "Cntryl.Portia.Abstractions": "0.6.0",
          "Cntryl.Portia.DependencyInjection": "0.6.0"
        }
      }
    }
  }
}